
Microsoft Visual Studio Solution File, Format Version 12.00
# Visual Studio Version 17
VisualStudioVersion = 17.6.33723.286
MinimumVisualStudioVersion = 10.0.40219.1
Project("{FAE04EC0-301F-11D3-BF4B-00C04F79EFBC}") = "CoolooAI.YOLOv3", "CoolooAI.YOLOv3.csproj", "{4B7655E9-CF5A-4ECA-9C63-EF684ECC2D51}"
EndProject
Global
	GlobalSection(SolutionConfigurationPlatforms) = preSolution
		Debug|Any CPU = Debug|Any CPU
		Debug|x64 = Debug|x64
		Release|Any CPU = Release|Any CPU
		Release|x64 = Release|x64
	EndGlobalSection
	GlobalSection(ProjectConfigurationPlatforms) = postSolution
		{4B7655E9-CF5A-4ECA-9C63-EF684ECC2D51}.Debug|Any CPU.ActiveCfg = Debug|Any CPU
		{4B7655E9-CF5A-4ECA-9C63-EF684ECC2D51}.Debug|Any CPU.Build.0 = Debug|Any CPU
		{4B7655E9-CF5A-4ECA-9C63-EF684ECC2D51}.Debug|x64.ActiveCfg = Debug|x64
		{4B7655E9-CF5A-4ECA-9C63-EF684ECC2D51}.Debug|x64.Build.0 = Debug|x64
		{4B7655E9-CF5A-4ECA-9C63-EF684ECC2D51}.Release|Any CPU.ActiveCfg = Release|Any CPU
		{4B7655E9-CF5A-4ECA-9C63-EF684ECC2D51}.Release|Any CPU.Build.0 = Release|Any CPU
		{4B7655E9-CF5A-4ECA-9C63-EF684ECC2D51}.Release|x64.ActiveCfg = Release|x64
		{4B7655E9-CF5A-4ECA-9C63-EF684ECC2D51}.Release|x64.Build.0 = Release|x64
	EndGlobalSection
	GlobalSection(SolutionProperties) = preSolution
		HideSolutionNode = FALSE
	EndGlobalSection
	GlobalSection(ExtensibilityGlobals) = postSolution
		SolutionGuid = {D2EE7518-3C93-4A56-A24D-F481C1B868E0}
	EndGlobalSection
EndGlobal
